
Microsoft Visual Studio Solution File, Format Version 12.00
# Visual Studio 15
VisualStudioVersion = 15.0.28307.168
MinimumVisualStudioVersion = 10.0.40219.1
Project("{FAE04EC0-301F-11D3-BF4B-00C04F79EFBC}") = "opgave_variablertal", "opgave_variablertal\opgave_variablertal.csproj", "{3A2AACA1-AC2E-4919-ADCD-C01099D63ED4}"
EndProject
Project("{FAE04EC0-301F-11D3-BF4B-00C04F79EFBC}") = "opgave_variablertaldel2", "opgave_variablertaldel2\opgave_variablertaldel2.csproj", "{155A1EC6-ADD9-4208-A4E2-92BA1A3765D1}"
EndProject
Project("{FAE04EC0-301F-11D3-BF4B-00C04F79EFBC}") = "Variabler2", "Variabler2\Variabler2.csproj", "{8E542E05-A518-48EE-B8C6-8320558C0CF8}"
EndProject
Project("{FAE04EC0-301F-11D3-BF4B-00C04F79EFBC}") = "variabler2_datoformatering", "variabler2_datoformatering\variabler2_datoformatering.csproj", "{C8441A91-5AF1-4550-A2DC-164434694372}"
EndProject
Project("{FAE04EC0-301F-11D3-BF4B-00C04F79EFBC}") = "Konstanter_structurer_enum", "Konstanter_structurer_enum\Konstanter_structurer_enum.csproj", "{7C9ED5AD-2CC8-41F8-A695-8B91F4BCAE29}"
EndProject
Project("{FAE04EC0-301F-11D3-BF4B-00C04F79EFBC}") = "konst_enum_struct", "konst_enum_struct\konst_enum_struct.csproj", "{19E9E706-2930-4806-B7AC-2B27B6802FE4}"
EndProject
Project("{FAE04EC0-301F-11D3-BF4B-00C04F79EFBC}") = "konst_enum_structenum", "konst_enum_structenum\konst_enum_structenum.csproj", "{716E24E7-3531-4402-A710-C0B2C2139C68}"
EndProject
Project("{FAE04EC0-301F-11D3-BF4B-00C04F79EFBC}") = "if_opgave", "if_opgave\if_opgave.csproj", "{E080868B-322F-4DFB-A74D-B1C47CC5E8D5}"
EndProject
Project("{FAE04EC0-301F-11D3-BF4B-00C04F79EFBC}") = "programflow_opgave2", "programflow_opgave2\programflow_opgave2.csproj", "{807AEE0E-7949-47B7-9A5B-4D66A49FBA4A}"
EndProject
Project("{FAE04EC0-301F-11D3-BF4B-00C04F79EFBC}") = "HJEMMELEG_metoder", "HJEMMELEG_metoder\HJEMMELEG_metoder.csproj", "{B7DD1B33-48F5-4074-B23D-ED0F8D9DDBDD}"
EndProject
Project("{FAE04EC0-301F-11D3-BF4B-00C04F79EFBC}") = "Metoder_opg1", "Metoder_opg1\Metoder_opg1.csproj", "{AB4688BA-A5A8-42F7-A8B7-08E967005DF5}"
EndProject
Project("{FAE04EC0-301F-11D3-BF4B-00C04F79EFBC}") = "StatiskMetodeOpgave", "StatiskMetodeOpgave\StatiskMetodeOpgave.csproj", "{B02E0D71-724D-4CBE-8906-885DD2D84031}"
EndProject
Project("{FAE04EC0-301F-11D3-BF4B-00C04F79EFBC}") = "metoderOverload", "metoderOverload\metoderOverload.csproj", "{113558EE-8108-44AC-86D2-F18EAAE63EA2}"
EndProject
Project("{FAE04EC0-301F-11D3-BF4B-00C04F79EFBC}") = "MetoderRekursiv", "MetoderRekursiv\MetoderRekursiv.csproj", "{0E329782-861D-4DF6-A28A-AA66A05341FA}"
EndProject
Project("{FAE04EC0-301F-11D3-BF4B-00C04F79EFBC}") = "MetoderRekursivAdv", "MetoderRekursivAdv\MetoderRekursivAdv.csproj", "{8902DAC9-D40C-448F-B1D1-64B1B869BB6E}"
EndProject
Project("{FAE04EC0-301F-11D3-BF4B-00C04F79EFBC}") = "fejlhåndtingsimpelfejlh", "fejlhåndtingsimpelfejlh\fejlhåndtingsimpelfejlh.csproj", "{1D75CE15-735C-48EA-8951-CB4CBA043334}"
EndProject
Project("{FAE04EC0-301F-11D3-BF4B-00C04F79EFBC}") = "opgave_structvsclass", "opgave_structvsclass\opgave_structvsclass.csproj", "{CF04BE60-D6B5-4DB8-AC12-A991D363FB7E}"
EndProject
Project("{2150E333-8FDC-42A3-9474-1A3956D46DE8}") = "Solution Items", "Solution Items", "{4B200E01-AFBD-4076-9D8D-A5E59FCF9577}"
	ProjectSection(SolutionItems) = preProject
		.editorconfig = .editorconfig
	EndProjectSection
EndProject
Project("{FAE04EC0-301F-11D3-BF4B-00C04F79EFBC}") = "klasser_test", "klasser_test\klasser_test.csproj", "{FC31971B-6732-498A-B09E-FA6F0E283422}"
EndProject
Project("{FAE04EC0-301F-11D3-BF4B-00C04F79EFBC}") = "Opgave_klasse_simple", "Opgave_klasse_simple\Opgave_klasse_simple.csproj", "{2FC33DDB-406D-46EA-A572-AB0E2171150F}"
EndProject
Project("{FAE04EC0-301F-11D3-BF4B-00C04F79EFBC}") = "Opgaver_klasser_terning", "Opgaver_klasser_terning\Opgaver_klasser_terning.csproj", "{441B45E6-4703-44EA-8D85-A17C23F14A7F}"
EndProject
Project("{FAE04EC0-301F-11D3-BF4B-00C04F79EFBC}") = "opgave_indkapsling_egenskaber", "opgave_indkapsling_egenskaber\opgave_indkapsling_egenskaber.csproj", "{C159B518-4FD8-42AD-AC24-2D551B12846E}"
EndProject
Project("{FAE04EC0-301F-11D3-BF4B-00C04F79EFBC}") = "indkapsling_opgave_michell_ex", "indkapsling_opgave_michell_ex\indkapsling_opgave_michell_ex.csproj", "{433303C9-F413-46A7-A714-9A7A320E0BF8}"
EndProject
Project("{FAE04EC0-301F-11D3-BF4B-00C04F79EFBC}") = "indkapsling_automatiske_egenskaber", "indkapsling_automatiske_egenskaber\indkapsling_automatiske_egenskaber.csproj", "{F7711E80-CA83-452A-ADE5-F0CD47E64115}"
EndProject
Project("{FAE04EC0-301F-11D3-BF4B-00C04F79EFBC}") = "indkapsling_terning_egenskaber", "indkapsling_terning_egenskaber\indkapsling_terning_egenskaber.csproj", "{24A8EE8D-FFC2-4168-B29F-8311A97D0C91}"
EndProject
Project("{FAE04EC0-301F-11D3-BF4B-00C04F79EFBC}") = "opgave_simple_array", "opgave_simple_array\opgave_simple_array.csproj", "{C31AA03A-4EAF-4804-8BB4-BB8EF8F67EEF}"
EndProject
Project("{FAE04EC0-301F-11D3-BF4B-00C04F79EFBC}") = "opgave_lister", "opgave_lister\opgave_lister.csproj", "{4C91E861-C98F-4FAD-BEC8-54668EE3C105}"
EndProject
Project("{FAE04EC0-301F-11D3-BF4B-00C04F79EFBC}") = "opgaver_lister_michell_udgave", "opgaver_lister_michell_udgave\opgaver_lister_michell_udgave.csproj", "{B062852E-1A92-4445-B084-BCC50E1EAAB1}"
EndProject
Project("{FAE04EC0-301F-11D3-BF4B-00C04F79EFBC}") = "opgave_arv_simple", "opgave_arv_simple\opgave_arv_simple.csproj", "{E8113FA8-02F3-4F7C-A376-AE3EAEC6F2F8}"
EndProject
Project("{FAE04EC0-301F-11D3-BF4B-00C04F79EFBC}") = "opgave_arv_udvidetBool", "opgave_arv_udvidetBool\opgave_arv_udvidetBool.csproj", "{BA46CBFB-EAD4-4C19-A033-645062C82C23}"
EndProject
Project("{FAE04EC0-301F-11D3-BF4B-00C04F79EFBC}") = "udvidetRandom_arv_Michell", "udvidetRandom_arv_Michell\udvidetRandom_arv_Michell.csproj", "{80CEA769-26E5-4A1B-BED8-1C687774C8D3}"
EndProject
Project("{FAE04EC0-301F-11D3-BF4B-00C04F79EFBC}") = "Arv_terning", "Arv_terning\Arv_terning.csproj", "{5D19D9EE-BBA7-4138-B169-1AD8DEB0B4F0}"
EndProject
Project("{FAE04EC0-301F-11D3-BF4B-00C04F79EFBC}") = "Poly_toString_simple", "Poly_toString_simple\Poly_toString_simple.csproj", "{EAE0D592-DA9A-40A1-A288-B45FBC9250FC}"
EndProject
Project("{FAE04EC0-301F-11D3-BF4B-00C04F79EFBC}") = "opgave_poly_lidt_mere", "opgave_poly_lidt_mere\opgave_poly_lidt_mere.csproj", "{FE663601-D3A2-4903-B535-5EE99AD4D0AC}"
EndProject
Project("{FAE04EC0-301F-11D3-BF4B-00C04F79EFBC}") = "string array test", "string array test\string array test.csproj", "{1F59325D-C77D-411F-87BD-B41FCADA8D38}"
EndProject
Global
	GlobalSection(SolutionConfigurationPlatforms) = preSolution
		Debug|Any CPU = Debug|Any CPU
		Release|Any CPU = Release|Any CPU
	EndGlobalSection
	GlobalSection(ProjectConfigurationPlatforms) = postSolution
		{3A2AACA1-AC2E-4919-ADCD-C01099D63ED4}.Debug|Any CPU.ActiveCfg = Debug|Any CPU
		{3A2AACA1-AC2E-4919-ADCD-C01099D63ED4}.Debug|Any CPU.Build.0 = Debug|Any CPU
		{3A2AACA1-AC2E-4919-ADCD-C01099D63ED4}.Release|Any CPU.ActiveCfg = Release|Any CPU
		{3A2AACA1-AC2E-4919-ADCD-C01099D63ED4}.Release|Any CPU.Build.0 = Release|Any CPU
		{155A1EC6-ADD9-4208-A4E2-92BA1A3765D1}.Debug|Any CPU.ActiveCfg = Debug|Any CPU
		{155A1EC6-ADD9-4208-A4E2-92BA1A3765D1}.Debug|Any CPU.Build.0 = Debug|Any CPU
		{155A1EC6-ADD9-4208-A4E2-92BA1A3765D1}.Release|Any CPU.ActiveCfg = Release|Any CPU
		{155A1EC6-ADD9-4208-A4E2-92BA1A3765D1}.Release|Any CPU.Build.0 = Release|Any CPU
		{8E542E05-A518-48EE-B8C6-8320558C0CF8}.Debug|Any CPU.ActiveCfg = Debug|Any CPU
		{8E542E05-A518-48EE-B8C6-8320558C0CF8}.Debug|Any CPU.Build.0 = Debug|Any CPU
		{8E542E05-A518-48EE-B8C6-8320558C0CF8}.Release|Any CPU.ActiveCfg = Release|Any CPU
		{8E542E05-A518-48EE-B8C6-8320558C0CF8}.Release|Any CPU.Build.0 = Release|Any CPU
		{C8441A91-5AF1-4550-A2DC-164434694372}.Debug|Any CPU.ActiveCfg = Debug|Any CPU
		{C8441A91-5AF1-4550-A2DC-164434694372}.Debug|Any CPU.Build.0 = Debug|Any CPU
		{C8441A91-5AF1-4550-A2DC-164434694372}.Release|Any CPU.ActiveCfg = Release|Any CPU
		{C8441A91-5AF1-4550-A2DC-164434694372}.Release|Any CPU.Build.0 = Release|Any CPU
		{7C9ED5AD-2CC8-41F8-A695-8B91F4BCAE29}.Debug|Any CPU.ActiveCfg = Debug|Any CPU
		{7C9ED5AD-2CC8-41F8-A695-8B91F4BCAE29}.Debug|Any CPU.Build.0 = Debug|Any CPU
		{7C9ED5AD-2CC8-41F8-A695-8B91F4BCAE29}.Release|Any CPU.ActiveCfg = Release|Any CPU
		{7C9ED5AD-2CC8-41F8-A695-8B91F4BCAE29}.Release|Any CPU.Build.0 = Release|Any CPU
		{19E9E706-2930-4806-B7AC-2B27B6802FE4}.Debug|Any CPU.ActiveCfg = Debug|Any CPU
		{19E9E706-2930-4806-B7AC-2B27B6802FE4}.Debug|Any CPU.Build.0 = Debug|Any CPU
		{19E9E706-2930-4806-B7AC-2B27B6802FE4}.Release|Any CPU.ActiveCfg = Release|Any CPU
		{19E9E706-2930-4806-B7AC-2B27B6802FE4}.Release|Any CPU.Build.0 = Release|Any CPU
		{716E24E7-3531-4402-A710-C0B2C2139C68}.Debug|Any CPU.ActiveCfg = Debug|Any CPU
		{716E24E7-3531-4402-A710-C0B2C2139C68}.Debug|Any CPU.Build.0 = Debug|Any CPU
		{716E24E7-3531-4402-A710-C0B2C2139C68}.Release|Any CPU.ActiveCfg = Release|Any CPU
		{716E24E7-3531-4402-A710-C0B2C2139C68}.Release|Any CPU.Build.0 = Release|Any CPU
		{E080868B-322F-4DFB-A74D-B1C47CC5E8D5}.Debug|Any CPU.ActiveCfg = Debug|Any CPU
		{E080868B-322F-4DFB-A74D-B1C47CC5E8D5}.Debug|Any CPU.Build.0 = Debug|Any CPU
		{E080868B-322F-4DFB-A74D-B1C47CC5E8D5}.Release|Any CPU.ActiveCfg = Release|Any CPU
		{E080868B-322F-4DFB-A74D-B1C47CC5E8D5}.Release|Any CPU.Build.0 = Release|Any CPU
		{807AEE0E-7949-47B7-9A5B-4D66A49FBA4A}.Debug|Any CPU.ActiveCfg = Debug|Any CPU
		{807AEE0E-7949-47B7-9A5B-4D66A49FBA4A}.Debug|Any CPU.Build.0 = Debug|Any CPU
		{807AEE0E-7949-47B7-9A5B-4D66A49FBA4A}.Release|Any CPU.ActiveCfg = Release|Any CPU
		{807AEE0E-7949-47B7-9A5B-4D66A49FBA4A}.Release|Any CPU.Build.0 = Release|Any CPU
		{B7DD1B33-48F5-4074-B23D-ED0F8D9DDBDD}.Debug|Any CPU.ActiveCfg = Debug|Any CPU
		{B7DD1B33-48F5-4074-B23D-ED0F8D9DDBDD}.Debug|Any CPU.Build.0 = Debug|Any CPU
		{B7DD1B33-48F5-4074-B23D-ED0F8D9DDBDD}.Release|Any CPU.ActiveCfg = Release|Any CPU
		{B7DD1B33-48F5-4074-B23D-ED0F8D9DDBDD}.Release|Any CPU.Build.0 = Release|Any CPU
		{AB4688BA-A5A8-42F7-A8B7-08E967005DF5}.Debug|Any CPU.ActiveCfg = Debug|Any CPU
		{AB4688BA-A5A8-42F7-A8B7-08E967005DF5}.Debug|Any CPU.Build.0 = Debug|Any CPU
		{AB4688BA-A5A8-42F7-A8B7-08E967005DF5}.Release|Any CPU.ActiveCfg = Release|Any CPU
		{AB4688BA-A5A8-42F7-A8B7-08E967005DF5}.Release|Any CPU.Build.0 = Release|Any CPU
		{B02E0D71-724D-4CBE-8906-885DD2D84031}.Debug|Any CPU.ActiveCfg = Debug|Any CPU
		{B02E0D71-724D-4CBE-8906-885DD2D84031}.Debug|Any CPU.Build.0 = Debug|Any CPU
		{B02E0D71-724D-4CBE-8906-885DD2D84031}.Release|Any CPU.ActiveCfg = Release|Any CPU
		{B02E0D71-724D-4CBE-8906-885DD2D84031}.Release|Any CPU.Build.0 = Release|Any CPU
		{113558EE-8108-44AC-86D2-F18EAAE63EA2}.Debug|Any CPU.ActiveCfg = Debug|Any CPU
		{113558EE-8108-44AC-86D2-F18EAAE63EA2}.Debug|Any CPU.Build.0 = Debug|Any CPU
		{113558EE-8108-44AC-86D2-F18EAAE63EA2}.Release|Any CPU.ActiveCfg = Release|Any CPU
		{113558EE-8108-44AC-86D2-F18EAAE63EA2}.Release|Any CPU.Build.0 = Release|Any CPU
		{0E329782-861D-4DF6-A28A-AA66A05341FA}.Debug|Any CPU.ActiveCfg = Debug|Any CPU
		{0E329782-861D-4DF6-A28A-AA66A05341FA}.Debug|Any CPU.Build.0 = Debug|Any CPU
		{0E329782-861D-4DF6-A28A-AA66A05341FA}.Release|Any CPU.ActiveCfg = Release|Any CPU
		{0E329782-861D-4DF6-A28A-AA66A05341FA}.Release|Any CPU.Build.0 = Release|Any CPU
		{8902DAC9-D40C-448F-B1D1-64B1B869BB6E}.Debug|Any CPU.ActiveCfg = Debug|Any CPU
		{8902DAC9-D40C-448F-B1D1-64B1B869BB6E}.Debug|Any CPU.Build.0 = Debug|Any CPU
		{8902DAC9-D40C-448F-B1D1-64B1B869BB6E}.Release|Any CPU.ActiveCfg = Release|Any CPU
		{8902DAC9-D40C-448F-B1D1-64B1B869BB6E}.Release|Any CPU.Build.0 = Release|Any CPU
		{1D75CE15-735C-48EA-8951-CB4CBA043334}.Debug|Any CPU.ActiveCfg = Debug|Any CPU
		{1D75CE15-735C-48EA-8951-CB4CBA043334}.Debug|Any CPU.Build.0 = Debug|Any CPU
		{1D75CE15-735C-48EA-8951-CB4CBA043334}.Release|Any CPU.ActiveCfg = Release|Any CPU
		{1D75CE15-735C-48EA-8951-CB4CBA043334}.Release|Any CPU.Build.0 = Release|Any CPU
		{CF04BE60-D6B5-4DB8-AC12-A991D363FB7E}.Debug|Any CPU.ActiveCfg = Debug|Any CPU
		{CF04BE60-D6B5-4DB8-AC12-A991D363FB7E}.Debug|Any CPU.Build.0 = Debug|Any CPU
		{CF04BE60-D6B5-4DB8-AC12-A991D363FB7E}.Release|Any CPU.ActiveCfg = Release|Any CPU
		{CF04BE60-D6B5-4DB8-AC12-A991D363FB7E}.Release|Any CPU.Build.0 = Release|Any CPU
		{FC31971B-6732-498A-B09E-FA6F0E283422}.Debug|Any CPU.ActiveCfg = Debug|Any CPU
		{FC31971B-6732-498A-B09E-FA6F0E283422}.Debug|Any CPU.Build.0 = Debug|Any CPU
		{FC31971B-6732-498A-B09E-FA6F0E283422}.Release|Any CPU.ActiveCfg = Release|Any CPU
		{FC31971B-6732-498A-B09E-FA6F0E283422}.Release|Any CPU.Build.0 = Release|Any CPU
		{2FC33DDB-406D-46EA-A572-AB0E2171150F}.Debug|Any CPU.ActiveCfg = Debug|Any CPU
		{2FC33DDB-406D-46EA-A572-AB0E2171150F}.Debug|Any CPU.Build.0 = Debug|Any CPU
		{2FC33DDB-406D-46EA-A572-AB0E2171150F}.Release|Any CPU.ActiveCfg = Release|Any CPU
		{2FC33DDB-406D-46EA-A572-AB0E2171150F}.Release|Any CPU.Build.0 = Release|Any CPU
		{441B45E6-4703-44EA-8D85-A17C23F14A7F}.Debug|Any CPU.ActiveCfg = Debug|Any CPU
		{441B45E6-4703-44EA-8D85-A17C23F14A7F}.Debug|Any CPU.Build.0 = Debug|Any CPU
		{441B45E6-4703-44EA-8D85-A17C23F14A7F}.Release|Any CPU.ActiveCfg = Release|Any CPU
		{441B45E6-4703-44EA-8D85-A17C23F14A7F}.Release|Any CPU.Build.0 = Release|Any CPU
		{C159B518-4FD8-42AD-AC24-2D551B12846E}.Debug|Any CPU.ActiveCfg = Debug|Any CPU
		{C159B518-4FD8-42AD-AC24-2D551B12846E}.Debug|Any CPU.Build.0 = Debug|Any CPU
		{C159B518-4FD8-42AD-AC24-2D551B12846E}.Release|Any CPU.ActiveCfg = Release|Any CPU
		{C159B518-4FD8-42AD-AC24-2D551B12846E}.Release|Any CPU.Build.0 = Release|Any CPU
		{433303C9-F413-46A7-A714-9A7A320E0BF8}.Debug|Any CPU.ActiveCfg = Debug|Any CPU
		{433303C9-F413-46A7-A714-9A7A320E0BF8}.Debug|Any CPU.Build.0 = Debug|Any CPU
		{433303C9-F413-46A7-A714-9A7A320E0BF8}.Release|Any CPU.ActiveCfg = Release|Any CPU
		{433303C9-F413-46A7-A714-9A7A320E0BF8}.Release|Any CPU.Build.0 = Release|Any CPU
		{F7711E80-CA83-452A-ADE5-F0CD47E64115}.Debug|Any CPU.ActiveCfg = Debug|Any CPU
		{F7711E80-CA83-452A-ADE5-F0CD47E64115}.Debug|Any CPU.Build.0 = Debug|Any CPU
		{F7711E80-CA83-452A-ADE5-F0CD47E64115}.Release|Any CPU.ActiveCfg = Release|Any CPU
		{F7711E80-CA83-452A-ADE5-F0CD47E64115}.Release|Any CPU.Build.0 = Release|Any CPU
		{24A8EE8D-FFC2-4168-B29F-8311A97D0C91}.Debug|Any CPU.ActiveCfg = Debug|Any CPU
		{24A8EE8D-FFC2-4168-B29F-8311A97D0C91}.Debug|Any CPU.Build.0 = Debug|Any CPU
		{24A8EE8D-FFC2-4168-B29F-8311A97D0C91}.Release|Any CPU.ActiveCfg = Release|Any CPU
		{24A8EE8D-FFC2-4168-B29F-8311A97D0C91}.Release|Any CPU.Build.0 = Release|Any CPU
		{C31AA03A-4EAF-4804-8BB4-BB8EF8F67EEF}.Debug|Any CPU.ActiveCfg = Debug|Any CPU
		{C31AA03A-4EAF-4804-8BB4-BB8EF8F67EEF}.Debug|Any CPU.Build.0 = Debug|Any CPU
		{C31AA03A-4EAF-4804-8BB4-BB8EF8F67EEF}.Release|Any CPU.ActiveCfg = Release|Any CPU
		{C31AA03A-4EAF-4804-8BB4-BB8EF8F67EEF}.Release|Any CPU.Build.0 = Release|Any CPU
		{4C91E861-C98F-4FAD-BEC8-54668EE3C105}.Debug|Any CPU.ActiveCfg = Debug|Any CPU
		{4C91E861-C98F-4FAD-BEC8-54668EE3C105}.Debug|Any CPU.Build.0 = Debug|Any CPU
		{4C91E861-C98F-4FAD-BEC8-54668EE3C105}.Release|Any CPU.ActiveCfg = Release|Any CPU
		{4C91E861-C98F-4FAD-BEC8-54668EE3C105}.Release|Any CPU.Build.0 = Release|Any CPU
		{B062852E-1A92-4445-B084-BCC50E1EAAB1}.Debug|Any CPU.ActiveCfg = Debug|Any CPU
		{B062852E-1A92-4445-B084-BCC50E1EAAB1}.Debug|Any CPU.Build.0 = Debug|Any CPU
		{B062852E-1A92-4445-B084-BCC50E1EAAB1}.Release|Any CPU.ActiveCfg = Release|Any CPU
		{B062852E-1A92-4445-B084-BCC50E1EAAB1}.Release|Any CPU.Build.0 = Release|Any CPU
		{E8113FA8-02F3-4F7C-A376-AE3EAEC6F2F8}.Debug|Any CPU.ActiveCfg = Debug|Any CPU
		{E8113FA8-02F3-4F7C-A376-AE3EAEC6F2F8}.Debug|Any CPU.Build.0 = Debug|Any CPU
		{E8113FA8-02F3-4F7C-A376-AE3EAEC6F2F8}.Release|Any CPU.ActiveCfg = Release|Any CPU
		{E8113FA8-02F3-4F7C-A376-AE3EAEC6F2F8}.Release|Any CPU.Build.0 = Release|Any CPU
		{BA46CBFB-EAD4-4C19-A033-645062C82C23}.Debug|Any CPU.ActiveCfg = Debug|Any CPU
		{BA46CBFB-EAD4-4C19-A033-645062C82C23}.Debug|Any CPU.Build.0 = Debug|Any CPU
		{BA46CBFB-EAD4-4C19-A033-645062C82C23}.Release|Any CPU.ActiveCfg = Release|Any CPU
		{BA46CBFB-EAD4-4C19-A033-645062C82C23}.Release|Any CPU.Build.0 = Release|Any CPU
		{80CEA769-26E5-4A1B-BED8-1C687774C8D3}.Debug|Any CPU.ActiveCfg = Debug|Any CPU
		{80CEA769-26E5-4A1B-BED8-1C687774C8D3}.Debug|Any CPU.Build.0 = Debug|Any CPU
		{80CEA769-26E5-4A1B-BED8-1C687774C8D3}.Release|Any CPU.ActiveCfg = Release|Any CPU
		{80CEA769-26E5-4A1B-BED8-1C687774C8D3}.Release|Any CPU.Build.0 = Release|Any CPU
		{5D19D9EE-BBA7-4138-B169-1AD8DEB0B4F0}.Debug|Any CPU.ActiveCfg = Debug|Any CPU
		{5D19D9EE-BBA7-4138-B169-1AD8DEB0B4F0}.Debug|Any CPU.Build.0 = Debug|Any CPU
		{5D19D9EE-BBA7-4138-B169-1AD8DEB0B4F0}.Release|Any CPU.ActiveCfg = Release|Any CPU
		{5D19D9EE-BBA7-4138-B169-1AD8DEB0B4F0}.Release|Any CPU.Build.0 = Release|Any CPU
		{EAE0D592-DA9A-40A1-A288-B45FBC9250FC}.Debug|Any CPU.ActiveCfg = Debug|Any CPU
		{EAE0D592-DA9A-40A1-A288-B45FBC9250FC}.Debug|Any CPU.Build.0 = Debug|Any CPU
		{EAE0D592-DA9A-40A1-A288-B45FBC9250FC}.Release|Any CPU.ActiveCfg = Release|Any CPU
		{EAE0D592-DA9A-40A1-A288-B45FBC9250FC}.Release|Any CPU.Build.0 = Release|Any CPU
		{FE663601-D3A2-4903-B535-5EE99AD4D0AC}.Debug|Any CPU.ActiveCfg = Debug|Any CPU
		{FE663601-D3A2-4903-B535-5EE99AD4D0AC}.Debug|Any CPU.Build.0 = Debug|Any CPU
		{FE663601-D3A2-4903-B535-5EE99AD4D0AC}.Release|Any CPU.ActiveCfg = Release|Any CPU
		{FE663601-D3A2-4903-B535-5EE99AD4D0AC}.Release|Any CPU.Build.0 = Release|Any CPU
		{1F59325D-C77D-411F-87BD-B41FCADA8D38}.Debug|Any CPU.ActiveCfg = Debug|Any CPU
		{1F59325D-C77D-411F-87BD-B41FCADA8D38}.Debug|Any CPU.Build.0 = Debug|Any CPU
		{1F59325D-C77D-411F-87BD-B41FCADA8D38}.Release|Any CPU.ActiveCfg = Release|Any CPU
		{1F59325D-C77D-411F-87BD-B41FCADA8D38}.Release|Any CPU.Build.0 = Release|Any CPU
	EndGlobalSection
	GlobalSection(SolutionProperties) = preSolution
		HideSolutionNode = FALSE
	EndGlobalSection
	GlobalSection(ExtensibilityGlobals) = postSolution
		SolutionGuid = {871078F0-A5AD-4255-B28A-2545FDF5B120}
	EndGlobalSection
EndGlobal
